
Microsoft Visual Studio Solution File, Format Version 12.00
# Visual Studio Version 17
VisualStudioVersion = 17.8.34309.116
MinimumVisualStudioVersion = 10.0.40219.1
Project("{FAE04EC0-301F-11D3-BF4B-00C04F79EFBC}") = "network-or-something", "network-or-something.csproj", "{D9492B97-12F4-4ED6-91E3-646BF02120BC}"
EndProject
Global
	GlobalSection(SolutionConfigurationPlatforms) = preSolution
		Debug|Any CPU = Debug|Any CPU
		Release|Any CPU = Release|Any CPU
	EndGlobalSection
	GlobalSection(ProjectConfigurationPlatforms) = postSolution
		{D9492B97-12F4-4ED6-91E3-646BF02120BC}.Debug|Any CPU.ActiveCfg = Debug|Any CPU
		{D9492B97-12F4-4ED6-91E3-646BF02120BC}.Debug|Any CPU.Build.0 = Debug|Any CPU
		{D9492B97-12F4-4ED6-91E3-646BF02120BC}.Release|Any CPU.ActiveCfg = Release|Any CPU
		{D9492B97-12F4-4ED6-91E3-646BF02120BC}.Release|Any CPU.Build.0 = Release|Any CPU
	EndGlobalSection
	GlobalSection(SolutionProperties) = preSolution
		HideSolutionNode = FALSE
	EndGlobalSection
	GlobalSection(ExtensibilityGlobals) = postSolution
		SolutionGuid = {787019B6-902E-43ED-B109-43AB6C375D66}
	EndGlobalSection
EndGlobal
